
Microsoft Visual Studio Solution File, Format Version 12.00
# Visual Studio 14
VisualStudioVersion = 14.0.24720.0
MinimumVisualStudioVersion = 10.0.40219.1
Project("{2150E333-8FDC-42A3-9474-1A3956D46DE8}") = "Engine", "Engine", "{3406123F-32D9-4A10-9BB1-E65FD7D3A465}"
EndProject
Project("{2150E333-8FDC-42A3-9474-1A3956D46DE8}") = "Games", "Games", "{5B48E39C-0425-40D8-962C-59071A5E0F63}"
EndProject
Project("{8BC9CEB8-8B4A-11D0-8D11-00A0C91BC942}") = "UE4", "Intermediate\ProjectFiles\UE4.vcxproj", "{EB551733-39D6-4861-8234-D35218034545}"
EndProject
Project("{8BC9CEB8-8B4A-11D0-8D11-00A0C91BC942}") = "NP4", "Intermediate\ProjectFiles\NP4.vcxproj", "{7F1C4CC6-E604-47C2-98F1-4A6256FBA9DC}"
EndProject
Global
	GlobalSection(SolutionConfigurationPlatforms) = preSolution
		DebugGame Editor|Win32 = DebugGame Editor|Win32
		DebugGame Editor|Win64 = DebugGame Editor|Win64
		DebugGame|Win32 = DebugGame|Win32
		DebugGame|Win64 = DebugGame|Win64
		Development Editor|Win32 = Development Editor|Win32
		Development Editor|Win64 = Development Editor|Win64
		Development|Win32 = Development|Win32
		Development|Win64 = Development|Win64
		Shipping|Win32 = Shipping|Win32
		Shipping|Win64 = Shipping|Win64
	EndGlobalSection
	GlobalSection(ProjectConfigurationPlatforms) = postSolution
		{EB551733-39D6-4861-8234-D35218034545}.DebugGame Editor|Win32.ActiveCfg = BuiltWithUnrealBuildTool|Win32
		{EB551733-39D6-4861-8234-D35218034545}.DebugGame Editor|Win32.Build.0 = BuiltWithUnrealBuildTool|Win32
		{EB551733-39D6-4861-8234-D35218034545}.DebugGame Editor|Win64.ActiveCfg = BuiltWithUnrealBuildTool|Win32
		{EB551733-39D6-4861-8234-D35218034545}.DebugGame Editor|Win64.Build.0 = BuiltWithUnrealBuildTool|Win32
		{EB551733-39D6-4861-8234-D35218034545}.DebugGame|Win32.ActiveCfg = BuiltWithUnrealBuildTool|Win32
		{EB551733-39D6-4861-8234-D35218034545}.DebugGame|Win32.Build.0 = BuiltWithUnrealBuildTool|Win32
		{EB551733-39D6-4861-8234-D35218034545}.DebugGame|Win64.ActiveCfg = BuiltWithUnrealBuildTool|Win32
		{EB551733-39D6-4861-8234-D35218034545}.DebugGame|Win64.Build.0 = BuiltWithUnrealBuildTool|Win32
		{EB551733-39D6-4861-8234-D35218034545}.Development Editor|Win32.ActiveCfg = BuiltWithUnrealBuildTool|Win32
		{EB551733-39D6-4861-8234-D35218034545}.Development Editor|Win32.Build.0 = BuiltWithUnrealBuildTool|Win32
		{EB551733-39D6-4861-8234-D35218034545}.Development Editor|Win64.ActiveCfg = BuiltWithUnrealBuildTool|Win32
		{EB551733-39D6-4861-8234-D35218034545}.Development Editor|Win64.Build.0 = BuiltWithUnrealBuildTool|Win32
		{EB551733-39D6-4861-8234-D35218034545}.Development|Win32.ActiveCfg = BuiltWithUnrealBuildTool|Win32
		{EB551733-39D6-4861-8234-D35218034545}.Development|Win32.Build.0 = BuiltWithUnrealBuildTool|Win32
		{EB551733-39D6-4861-8234-D35218034545}.Development|Win64.ActiveCfg = BuiltWithUnrealBuildTool|Win32
		{EB551733-39D6-4861-8234-D35218034545}.Development|Win64.Build.0 = BuiltWithUnrealBuildTool|Win32
		{EB551733-39D6-4861-8234-D35218034545}.Shipping|Win32.ActiveCfg = BuiltWithUnrealBuildTool|Win32
		{EB551733-39D6-4861-8234-D35218034545}.Shipping|Win32.Build.0 = BuiltWithUnrealBuildTool|Win32
		{EB551733-39D6-4861-8234-D35218034545}.Shipping|Win64.ActiveCfg = BuiltWithUnrealBuildTool|Win32
		{EB551733-39D6-4861-8234-D35218034545}.Shipping|Win64.Build.0 = BuiltWithUnrealBuildTool|Win32
		{7F1C4CC6-E604-47C2-98F1-4A6256FBA9DC}.DebugGame Editor|Win32.ActiveCfg = DebugGame_Editor|Win32
		{7F1C4CC6-E604-47C2-98F1-4A6256FBA9DC}.DebugGame Editor|Win32.Build.0 = DebugGame_Editor|Win32
		{7F1C4CC6-E604-47C2-98F1-4A6256FBA9DC}.DebugGame Editor|Win64.ActiveCfg = DebugGame_Editor|x64
		{7F1C4CC6-E604-47C2-98F1-4A6256FBA9DC}.DebugGame Editor|Win64.Build.0 = DebugGame_Editor|x64
		{7F1C4CC6-E604-47C2-98F1-4A6256FBA9DC}.DebugGame|Win32.ActiveCfg = DebugGame_Game|Win32
		{7F1C4CC6-E604-47C2-98F1-4A6256FBA9DC}.DebugGame|Win32.Build.0 = DebugGame_Game|Win32
		{7F1C4CC6-E604-47C2-98F1-4A6256FBA9DC}.DebugGame|Win64.ActiveCfg = DebugGame_Game|x64
		{7F1C4CC6-E604-47C2-98F1-4A6256FBA9DC}.DebugGame|Win64.Build.0 = DebugGame_Game|x64
		{7F1C4CC6-E604-47C2-98F1-4A6256FBA9DC}.Development Editor|Win32.ActiveCfg = Development_Editor|Win32
		{7F1C4CC6-E604-47C2-98F1-4A6256FBA9DC}.Development Editor|Win32.Build.0 = Development_Editor|Win32
		{7F1C4CC6-E604-47C2-98F1-4A6256FBA9DC}.Development Editor|Win64.ActiveCfg = Development_Editor|x64
		{7F1C4CC6-E604-47C2-98F1-4A6256FBA9DC}.Development Editor|Win64.Build.0 = Development_Editor|x64
		{7F1C4CC6-E604-47C2-98F1-4A6256FBA9DC}.Development|Win32.ActiveCfg = Development_Game|Win32
		{7F1C4CC6-E604-47C2-98F1-4A6256FBA9DC}.Development|Win32.Build.0 = Development_Game|Win32
		{7F1C4CC6-E604-47C2-98F1-4A6256FBA9DC}.Development|Win64.ActiveCfg = Development_Game|x64
		{7F1C4CC6-E604-47C2-98F1-4A6256FBA9DC}.Development|Win64.Build.0 = Development_Game|x64
		{7F1C4CC6-E604-47C2-98F1-4A6256FBA9DC}.Shipping|Win32.ActiveCfg = Shipping_Game|Win32
		{7F1C4CC6-E604-47C2-98F1-4A6256FBA9DC}.Shipping|Win32.Build.0 = Shipping_Game|Win32
		{7F1C4CC6-E604-47C2-98F1-4A6256FBA9DC}.Shipping|Win64.ActiveCfg = Shipping_Game|x64
		{7F1C4CC6-E604-47C2-98F1-4A6256FBA9DC}.Shipping|Win64.Build.0 = Shipping_Game|x64
	EndGlobalSection
	GlobalSection(SolutionProperties) = preSolution
		HideSolutionNode = FALSE
	EndGlobalSection
	GlobalSection(NestedProjects) = preSolution
		{EB551733-39D6-4861-8234-D35218034545} = {3406123F-32D9-4A10-9BB1-E65FD7D3A465}
		{7F1C4CC6-E604-47C2-98F1-4A6256FBA9DC} = {5B48E39C-0425-40D8-962C-59071A5E0F63}
	EndGlobalSection
EndGlobal
